
Microsoft Visual Studio Solution File, Format Version 12.00
# Visual Studio Version 17
VisualStudioVersion = 17.9.34728.123
MinimumVisualStudioVersion = 10.0.40219.1
Project("{FAE04EC0-301F-11D3-BF4B-00C04F79EFBC}") = "DogCareFormApp", "DogCareFormApp\DogCareFormApp.csproj", "{CEC0B5A0-57F1-495D-B26A-A1D5752E0E6D}"
EndProject
Global
	GlobalSection(SolutionConfigurationPlatforms) = preSolution
		Debug|Any CPU = Debug|Any CPU
		Release|Any CPU = Release|Any CPU
	EndGlobalSection
	GlobalSection(ProjectConfigurationPlatforms) = postSolution
		{CEC0B5A0-57F1-495D-B26A-A1D5752E0E6D}.Debug|Any CPU.ActiveCfg = Debug|Any CPU
		{CEC0B5A0-57F1-495D-B26A-A1D5752E0E6D}.Debug|Any CPU.Build.0 = Debug|Any CPU
		{CEC0B5A0-57F1-495D-B26A-A1D5752E0E6D}.Release|Any CPU.ActiveCfg = Release|Any CPU
		{CEC0B5A0-57F1-495D-B26A-A1D5752E0E6D}.Release|Any CPU.Build.0 = Release|Any CPU
	EndGlobalSection
	GlobalSection(SolutionProperties) = preSolution
		HideSolutionNode = FALSE
	EndGlobalSection
	GlobalSection(ExtensibilityGlobals) = postSolution
		SolutionGuid = {4734E47A-F1E4-45FD-A24B-C2048AAAE644}
	EndGlobalSection
EndGlobal
